
Microsoft Visual Studio Solution File, Format Version 12.00
# Visual Studio Version 16
VisualStudioVersion = 16.0.30011.22
MinimumVisualStudioVersion = 10.0.40219.1
Project("{FAE04EC0-301F-11D3-BF4B-00C04F79EFBC}") = "CtiConnector", "CtiConnector\CtiConnector.csproj", "{8885AC87-A54A-4E24-AA70-79447E0D1E99}"
EndProject
Global
	GlobalSection(SolutionConfigurationPlatforms) = preSolution
		Debug|Any CPU = Debug|Any CPU
		Release|Any CPU = Release|Any CPU
	EndGlobalSection
	GlobalSection(ProjectConfigurationPlatforms) = postSolution
		{8885AC87-A54A-4E24-AA70-79447E0D1E99}.Debug|Any CPU.ActiveCfg = Debug|Any CPU
		{8885AC87-A54A-4E24-AA70-79447E0D1E99}.Debug|Any CPU.Build.0 = Debug|Any CPU
		{8885AC87-A54A-4E24-AA70-79447E0D1E99}.Release|Any CPU.ActiveCfg = Release|Any CPU
		{8885AC87-A54A-4E24-AA70-79447E0D1E99}.Release|Any CPU.Build.0 = Release|Any CPU
	EndGlobalSection
	GlobalSection(SolutionProperties) = preSolution
		HideSolutionNode = FALSE
	EndGlobalSection
	GlobalSection(ExtensibilityGlobals) = postSolution
		SolutionGuid = {FB76AF49-EEC7-4A30-806D-6D169E63FFEE}
	EndGlobalSection
EndGlobal
